// !$*UTF8*$!
{
	archiveVersion = 1;
	classes = {
	};
	objectVersion = 55;
	objects = {

/* Begin PBXBuildFile section */
		21642044281BBCBE00323F93 /* SearchResultsViewController.swift in Sources */ = {isa = PBXBuildFile; fileRef = 21642043281BBCBE00323F93 /* SearchResultsViewController.swift */; };
		21642048281BC79800323F93 /* YoutubeSearchResponse.swift in Sources */ = {isa = PBXBuildFile; fileRef = 21642047281BC79800323F93 /* YoutubeSearchResponse.swift */; };
		2164204A281BC8D600323F93 /* TitlePreviewViewController.swift in Sources */ = {isa = PBXBuildFile; fileRef = 21642049281BC8D600323F93 /* TitlePreviewViewController.swift */; };
		2164204C281BC97C00323F93 /* TitlePreviewViewModel.swift in Sources */ = {isa = PBXBuildFile; fileRef = 2164204B281BC97C00323F93 /* TitlePreviewViewModel.swift */; };
		21B1C0F0281A8E0600CC48A7 /* TitleTableViewCell.swift in Sources */ = {isa = PBXBuildFile; fileRef = 21B1C0EF281A8E0600CC48A7 /* TitleTableViewCell.swift */; };
		21B1C0F2281A907900CC48A7 /* TitleViewModel.swift in Sources */ = {isa = PBXBuildFile; fileRef = 21B1C0F1281A907900CC48A7 /* TitleViewModel.swift */; };
		21B2BA0D28193368002A3FF9 /* HeroHeaderUIView.swift in Sources */ = {isa = PBXBuildFile; fileRef = 21B2BA0C28193368002A3FF9 /* HeroHeaderUIView.swift */; };
		21B2BA0F28195E45002A3FF9 /* APICaller.swift in Sources */ = {isa = PBXBuildFile; fileRef = 21B2BA0E28195E45002A3FF9 /* APICaller.swift */; };
		21B2BA1128197620002A3FF9 /* Title.swift in Sources */ = {isa = PBXBuildFile; fileRef = 21B2BA1028197620002A3FF9 /* Title.swift */; };
		21B2BA1328197C6F002A3FF9 /* Extension.swift in Sources */ = {isa = PBXBuildFile; fileRef = 21B2BA1228197C6E002A3FF9 /* Extension.swift */; };
		21B2BA16281992CE002A3FF9 /* SDWebImage in Frameworks */ = {isa = PBXBuildFile; productRef = 21B2BA15281992CE002A3FF9 /* SDWebImage */; };
		21B2BA18281992CE002A3FF9 /* SDWebImageMapKit in Frameworks */ = {isa = PBXBuildFile; productRef = 21B2BA17281992CE002A3FF9 /* SDWebImageMapKit */; };
		21B2BA1A281992E8002A3FF9 /* TitleCollectionViewCell.swift in Sources */ = {isa = PBXBuildFile; fileRef = 21B2BA19281992E8002A3FF9 /* TitleCollectionViewCell.swift */; };
		21F1AD6228156687007A5F04 /* AppDelegate.swift in Sources */ = {isa = PBXBuildFile; fileRef = 21F1AD6128156687007A5F04 /* AppDelegate.swift */; };
		21F1AD6428156687007A5F04 /* SceneDelegate.swift in Sources */ = {isa = PBXBuildFile; fileRef = 21F1AD6328156687007A5F04 /* SceneDelegate.swift */; };
		21F1AD6628156687007A5F04 /* MainTabBarViewController.swift in Sources */ = {isa = PBXBuildFile; fileRef = 21F1AD6528156687007A5F04 /* MainTabBarViewController.swift */; };
		21F1AD6B2815668A007A5F04 /* Assets.xcassets in Resources */ = {isa = PBXBuildFile; fileRef = 21F1AD6A2815668A007A5F04 /* Assets.xcassets */; };
		21F1AD6E2815668A007A5F04 /* LaunchScreen.storyboard in Resources */ = {isa = PBXBuildFile; fileRef = 21F1AD6C2815668A007A5F04 /* LaunchScreen.storyboard */; };
		21F1AD7728156975007A5F04 /* HomeViewController.swift in Sources */ = {isa = PBXBuildFile; fileRef = 21F1AD7628156975007A5F04 /* HomeViewController.swift */; };
		21F1AD7928156985007A5F04 /* UpcomingViewController.swift in Sources */ = {isa = PBXBuildFile; fileRef = 21F1AD7828156985007A5F04 /* UpcomingViewController.swift */; };
		21F1AD7B2815698F007A5F04 /* SearchViewController.swift in Sources */ = {isa = PBXBuildFile; fileRef = 21F1AD7A2815698F007A5F04 /* SearchViewController.swift */; };
		21F1AD7D281569A0007A5F04 /* DownloadViewController.swift in Sources */ = {isa = PBXBuildFile; fileRef = 21F1AD7C281569A0007A5F04 /* DownloadViewController.swift */; };
		21F1AD8428157025007A5F04 /* CollectionViewTableViewCell.swift in Sources */ = {isa = PBXBuildFile; fileRef = 21F1AD8328157025007A5F04 /* CollectionViewTableViewCell.swift */; };
/* End PBXBuildFile section */

/* Begin PBXFileReference section */
		21642043281BBCBE00323F93 /* SearchResultsViewController.swift */ = {isa = PBXFileReference; lastKnownFileType = sourcecode.swift; path = SearchResultsViewController.swift; sourceTree = "<group>"; };
		21642047281BC79800323F93 /* YoutubeSearchResponse.swift */ = {isa = PBXFileReference; lastKnownFileType = sourcecode.swift; path = YoutubeSearchResponse.swift; sourceTree = "<group>"; };
		21642049281BC8D600323F93 /* TitlePreviewViewController.swift */ = {isa = PBXFileReference; lastKnownFileType = sourcecode.swift; path = TitlePreviewViewController.swift; sourceTree = "<group>"; };
		2164204B281BC97C00323F93 /* TitlePreviewViewModel.swift */ = {isa = PBXFileReference; lastKnownFileType = sourcecode.swift; path = TitlePreviewViewModel.swift; sourceTree = "<group>"; };
		21B1C0EF281A8E0600CC48A7 /* TitleTableViewCell.swift */ = {isa = PBXFileReference; lastKnownFileType = sourcecode.swift; path = TitleTableViewCell.swift; sourceTree = "<group>"; };
		21B1C0F1281A907900CC48A7 /* TitleViewModel.swift */ = {isa = PBXFileReference; lastKnownFileType = sourcecode.swift; path = TitleViewModel.swift; sourceTree = "<group>"; };
		21B2BA0C28193368002A3FF9 /* HeroHeaderUIView.swift */ = {isa = PBXFileReference; lastKnownFileType = sourcecode.swift; path = HeroHeaderUIView.swift; sourceTree = "<group>"; };
		21B2BA0E28195E45002A3FF9 /* APICaller.swift */ = {isa = PBXFileReference; lastKnownFileType = sourcecode.swift; path = APICaller.swift; sourceTree = "<group>"; };
		21B2BA1028197620002A3FF9 /* Title.swift */ = {isa = PBXFileReference; lastKnownFileType = sourcecode.swift; path = Title.swift; sourceTree = "<group>"; };
		21B2BA1228197C6E002A3FF9 /* Extension.swift */ = {isa = PBXFileReference; lastKnownFileType = sourcecode.swift; path = Extension.swift; sourceTree = "<group>"; };
		21B2BA19281992E8002A3FF9 /* TitleCollectionViewCell.swift */ = {isa = PBXFileReference; lastKnownFileType = sourcecode.swift; path = TitleCollectionViewCell.swift; sourceTree = "<group>"; };
		21F1AD5E28156687007A5F04 /* Netflix.app */ = {isa = PBXFileReference; explicitFileType = wrapper.application; includeInIndex = 0; path = Netflix.app; sourceTree = BUILT_PRODUCTS_DIR; };
		21F1AD6128156687007A5F04 /* AppDelegate.swift */ = {isa = PBXFileReference; lastKnownFileType = sourcecode.swift; path = AppDelegate.swift; sourceTree = "<group>"; };
		21F1AD6328156687007A5F04 /* SceneDelegate.swift */ = {isa = PBXFileReference; lastKnownFileType = sourcecode.swift; path = SceneDelegate.swift; sourceTree = "<group>"; };
		21F1AD6528156687007A5F04 /* MainTabBarViewController.swift */ = {isa = PBXFileReference; lastKnownFileType = sourcecode.swift; path = MainTabBarViewController.swift; sourceTree = "<group>"; };
		21F1AD6A2815668A007A5F04 /* Assets.xcassets */ = {isa = PBXFileReference; lastKnownFileType = folder.assetcatalog; path = Assets.xcassets; sourceTree = "<group>"; };
		21F1AD6D2815668A007A5F04 /* Base */ = {isa = PBXFileReference; lastKnownFileType = file.storyboard; name = Base; path = Base.lproj/LaunchScreen.storyboard; sourceTree = "<group>"; };
		21F1AD6F2815668A007A5F04 /* Info.plist */ = {isa = PBXFileReference; lastKnownFileType = text.plist.xml; path = Info.plist; sourceTree = "<group>"; };
		21F1AD7628156975007A5F04 /* HomeViewController.swift */ = {isa = PBXFileReference; lastKnownFileType = sourcecode.swift; path = HomeViewController.swift; sourceTree = "<group>"; };
		21F1AD7828156985007A5F04 /* UpcomingViewController.swift */ = {isa = PBXFileReference; lastKnownFileType = sourcecode.swift; path = UpcomingViewController.swift; sourceTree = "<group>"; };
		21F1AD7A2815698F007A5F04 /* SearchViewController.swift */ = {isa = PBXFileReference; lastKnownFileType = sourcecode.swift; path = SearchViewController.swift; sourceTree = "<group>"; };
		21F1AD7C281569A0007A5F04 /* DownloadViewController.swift */ = {isa = PBXFileReference; lastKnownFileType = sourcecode.swift; path = DownloadViewController.swift; sourceTree = "<group>"; };
		21F1AD8328157025007A5F04 /* CollectionViewTableViewCell.swift */ = {isa = PBXFileReference; lastKnownFileType = sourcecode.swift; path = CollectionViewTableViewCell.swift; sourceTree = "<group>"; };
/* End PBXFileReference section */

/* Begin PBXFrameworksBuildPhase section */
		21F1AD5B28156687007A5F04 /* Frameworks */ = {
			isa = PBXFrameworksBuildPhase;
			buildActionMask = 2147483647;
			files = (
				21B2BA18281992CE002A3FF9 /* SDWebImageMapKit in Frameworks */,
				21B2BA16281992CE002A3FF9 /* SDWebImage in Frameworks */,
			);
			runOnlyForDeploymentPostprocessing = 0;
		};
/* End PBXFrameworksBuildPhase section */

/* Begin PBXGroup section */
		21642045281BBCC200323F93 /* Core */ = {
			isa = PBXGroup;
			children = (
				21F1AD7628156975007A5F04 /* HomeViewController.swift */,
				21F1AD7828156985007A5F04 /* UpcomingViewController.swift */,
				21F1AD7A2815698F007A5F04 /* SearchViewController.swift */,
				21F1AD7C281569A0007A5F04 /* DownloadViewController.swift */,
				21F1AD6528156687007A5F04 /* MainTabBarViewController.swift */,
			);
			path = Core;
			sourceTree = "<group>";
		};
		21642046281BBCC900323F93 /* General */ = {
			isa = PBXGroup;
			children = (
				21642043281BBCBE00323F93 /* SearchResultsViewController.swift */,
				21642049281BC8D600323F93 /* TitlePreviewViewController.swift */,
			);
			path = General;
			sourceTree = "<group>";
		};
		21F1AD5528156687007A5F04 = {
			isa = PBXGroup;
			children = (
				21F1AD6028156687007A5F04 /* Netflix */,
				21F1AD5F28156687007A5F04 /* Products */,
			);
			sourceTree = "<group>";
		};
		21F1AD5F28156687007A5F04 /* Products */ = {
			isa = PBXGroup;
			children = (
				21F1AD5E28156687007A5F04 /* Netflix.app */,
			);
			name = Products;
			sourceTree = "<group>";
		};
		21F1AD6028156687007A5F04 /* Netflix */ = {
			isa = PBXGroup;
			children = (
				21F1AD7F28156FC7007A5F04 /* Resources */,
				21F1AD7E28156FBD007A5F04 /* Managers */,
				21F1AD8028156FD2007A5F04 /* Models */,
				21F1AD8228156FDE007A5F04 /* ViewModels */,
				21F1AD8128156FD7007A5F04 /* Views */,
				21F1AD7528156930007A5F04 /* Controller */,
				21F1AD6128156687007A5F04 /* AppDelegate.swift */,
				21F1AD6328156687007A5F04 /* SceneDelegate.swift */,
				21F1AD6A2815668A007A5F04 /* Assets.xcassets */,
				21F1AD6C2815668A007A5F04 /* LaunchScreen.storyboard */,
				21F1AD6F2815668A007A5F04 /* Info.plist */,
			);
			path = Netflix;
			sourceTree = "<group>";
		};
		21F1AD7528156930007A5F04 /* Controller */ = {
			isa = PBXGroup;
			children = (
				21642046281BBCC900323F93 /* General */,
				21642045281BBCC200323F93 /* Core */,
			);
			path = Controller;
			sourceTree = "<group>";
		};
		21F1AD7E28156FBD007A5F04 /* Managers */ = {
			isa = PBXGroup;
			children = (
				21B2BA0E28195E45002A3FF9 /* APICaller.swift */,
			);
			path = Managers;
			sourceTree = "<group>";
		};
		21F1AD7F28156FC7007A5F04 /* Resources */ = {
			isa = PBXGroup;
			children = (
				21B2BA1228197C6E002A3FF9 /* Extension.swift */,
			);
			path = Resources;
			sourceTree = "<group>";
		};
		21F1AD8028156FD2007A5F04 /* Models */ = {
			isa = PBXGroup;
			children = (
				21B2BA1028197620002A3FF9 /* Title.swift */,
				21642047281BC79800323F93 /* YoutubeSearchResponse.swift */,
			);
			path = Models;
			sourceTree = "<group>";
		};
		21F1AD8128156FD7007A5F04 /* Views */ = {
			isa = PBXGroup;
			children = (
				21F1AD8328157025007A5F04 /* CollectionViewTableViewCell.swift */,
				21B2BA0C28193368002A3FF9 /* HeroHeaderUIView.swift */,
				21B2BA19281992E8002A3FF9 /* TitleCollectionViewCell.swift */,
				21B1C0EF281A8E0600CC48A7 /* TitleTableViewCell.swift */,
			);
			path = Views;
			sourceTree = "<group>";
		};
		21F1AD8228156FDE007A5F04 /* ViewModels */ = {
			isa = PBXGroup;
			children = (
				21B1C0F1281A907900CC48A7 /* TitleViewModel.swift */,
				2164204B281BC97C00323F93 /* TitlePreviewViewModel.swift */,
			);
			path = ViewModels;
			sourceTree = "<group>";
		};
/* End PBXGroup section */

/* Begin PBXNativeTarget section */
		21F1AD5D28156687007A5F04 /* Netflix */ = {
			isa = PBXNativeTarget;
			buildConfigurationList = 21F1AD722815668A007A5F04 /* Build configuration list for PBXNativeTarget "Netflix" */;
			buildPhases = (
				21F1AD5A28156687007A5F04 /* Sources */,
				21F1AD5B28156687007A5F04 /* Frameworks */,
				21F1AD5C28156687007A5F04 /* Resources */,
			);
			buildRules = (
			);
			dependencies = (
			);
			name = Netflix;
			packageProductDependencies = (
				21B2BA15281992CE002A3FF9 /* SDWebImage */,
				21B2BA17281992CE002A3FF9 /* SDWebImageMapKit */,
			);
			productName = Netflix;
			productReference = 21F1AD5E28156687007A5F04 /* Netflix.app */;
			productType = "com.apple.product-type.application";
		};
/* End PBXNativeTarget section */

/* Begin PBXProject section */
		21F1AD5628156687007A5F04 /* Project object */ = {
			isa = PBXProject;
			attributes = {
				BuildIndependentTargetsInParallel = 1;
				LastSwiftUpdateCheck = 1330;
				LastUpgradeCheck = 1330;
				TargetAttributes = {
					21F1AD5D28156687007A5F04 = {
						CreatedOnToolsVersion = 13.3.1;
					};
				};
			};
			buildConfigurationList = 21F1AD5928156687007A5F04 /* Build configuration list for PBXProject "Netflix" */;
			compatibilityVersion = "Xcode 13.0";
			developmentRegion = en;
			hasScannedForEncodings = 0;
			knownRegions = (
				en,
				Base,
			);
			mainGroup = 21F1AD5528156687007A5F04;
			packageReferences = (
				21B2BA14281992CE002A3FF9 /* XCRemoteSwiftPackageReference "SDWebImage" */,
			);
			productRefGroup = 21F1AD5F28156687007A5F04 /* Products */;
			projectDirPath = "";
			projectRoot = "";
			targets = (
				21F1AD5D28156687007A5F04 /* Netflix */,
			);
		};
/* End PBXProject section */

/* Begin PBXResourcesBuildPhase section */
		21F1AD5C28156687007A5F04 /* Resources */ = {
			isa = PBXResourcesBuildPhase;
			buildActionMask = 2147483647;
			files = (
				21F1AD6E2815668A007A5F04 /* LaunchScreen.storyboard in Resources */,
				21F1AD6B2815668A007A5F04 /* Assets.xcassets in Resources */,
			);
			runOnlyForDeploymentPostprocessing = 0;
		};
/* End PBXResourcesBuildPhase section */

/* Begin PBXSourcesBuildPhase section */
		21F1AD5A28156687007A5F04 /* Sources */ = {
			isa = PBXSourcesBuildPhase;
			buildActionMask = 2147483647;
			files = (
				21B1C0F0281A8E0600CC48A7 /* TitleTableViewCell.swift in Sources */,
				21F1AD7B2815698F007A5F04 /* SearchViewController.swift in Sources */,
				21B2BA1A281992E8002A3FF9 /* TitleCollectionViewCell.swift in Sources */,
				21F1AD6628156687007A5F04 /* MainTabBarViewController.swift in Sources */,
				21F1AD8428157025007A5F04 /* CollectionViewTableViewCell.swift in Sources */,
				21B2BA1328197C6F002A3FF9 /* Extension.swift in Sources */,
				21B2BA0F28195E45002A3FF9 /* APICaller.swift in Sources */,
				21B2BA0D28193368002A3FF9 /* HeroHeaderUIView.swift in Sources */,
				21F1AD6228156687007A5F04 /* AppDelegate.swift in Sources */,
				21642044281BBCBE00323F93 /* SearchResultsViewController.swift in Sources */,
				21F1AD7D281569A0007A5F04 /* DownloadViewController.swift in Sources */,
				21642048281BC79800323F93 /* YoutubeSearchResponse.swift in Sources */,
				21F1AD6428156687007A5F04 /* SceneDelegate.swift in Sources */,
				2164204C281BC97C00323F93 /* TitlePreviewViewModel.swift in Sources */,
				21F1AD7928156985007A5F04 /* UpcomingViewController.swift in Sources */,
				2164204A281BC8D600323F93 /* TitlePreviewViewController.swift in Sources */,
				21B2BA1128197620002A3FF9 /* Title.swift in Sources */,
				21F1AD7728156975007A5F04 /* HomeViewController.swift in Sources */,
				21B1C0F2281A907900CC48A7 /* TitleViewModel.swift in Sources */,
			);
			runOnlyForDeploymentPostprocessing = 0;
		};
/* End PBXSourcesBuildPhase section */

/* Begin PBXVariantGroup section */
		21F1AD6C2815668A007A5F04 /* LaunchScreen.storyboard */ = {
			isa = PBXVariantGroup;
			children = (
				21F1AD6D2815668A007A5F04 /* Base */,
			);
			name = LaunchScreen.storyboard;
			sourceTree = "<group>";
		};
/* End PBXVariantGroup section */

/* Begin XCBuildConfiguration section */
		21F1AD702815668A007A5F04 /* Debug */ = {
			isa = XCBuildConfiguration;
			buildSettings = {
				ALWAYS_SEARCH_USER_PATHS = NO;
				CLANG_ANALYZER_NONNULL = YES;
				CLANG_ANALYZER_NUMBER_OBJECT_CONVERSION = YES_AGGRESSIVE;
				CLANG_CXX_LANGUAGE_STANDARD = "gnu++17";
				CLANG_ENABLE_MODULES = YES;
				CLANG_ENABLE_OBJC_ARC = YES;
				CLANG_ENABLE_OBJC_WEAK = YES;
				CLANG_WARN_BLOCK_CAPTURE_AUTORELEASING = YES;
				CLANG_WARN_BOOL_CONVERSION = YES;
				CLANG_WARN_COMMA = YES;
				CLANG_WARN_CONSTANT_CONVERSION = YES;
				CLANG_WARN_DEPRECATED_OBJC_IMPLEMENTATIONS = YES;
				CLANG_WARN_DIRECT_OBJC_ISA_USAGE = YES_ERROR;
				CLANG_WARN_DOCUMENTATION_COMMENTS = YES;
				CLANG_WARN_EMPTY_BODY = YES;
				CLANG_WARN_ENUM_CONVERSION = YES;
				CLANG_WARN_INFINITE_RECURSION = YES;
				CLANG_WARN_INT_CONVERSION = YES;
				CLANG_WARN_NON_LITERAL_NULL_CONVERSION = YES;
				CLANG_WARN_OBJC_IMPLICIT_RETAIN_SELF = YES;
				CLANG_WARN_OBJC_LITERAL_CONVERSION = YES;
				CLANG_WARN_OBJC_ROOT_CLASS = YES_ERROR;
				CLANG_WARN_QUOTED_INCLUDE_IN_FRAMEWORK_HEADER = YES;
				CLANG_WARN_RANGE_LOOP_ANALYSIS = YES;
				CLANG_WARN_STRICT_PROTOTYPES = YES;
				CLANG_WARN_SUSPICIOUS_MOVE = YES;
				CLANG_WARN_UNGUARDED_AVAILABILITY = YES_AGGRESSIVE;
				CLANG_WARN_UNREACHABLE_CODE = YES;
				CLANG_WARN__DUPLICATE_METHOD_MATCH = YES;
				COPY_PHASE_STRIP = NO;
				DEBUG_INFORMATION_FORMAT = dwarf;
				ENABLE_STRICT_OBJC_MSGSEND = YES;
				ENABLE_TESTABILITY = YES;
				GCC_C_LANGUAGE_STANDARD = gnu11;
				GCC_DYNAMIC_NO_PIC = NO;
				GCC_NO_COMMON_BLOCKS = YES;
				GCC_OPTIMIZATION_LEVEL = 0;
				GCC_PREPROCESSOR_DEFINITIONS = (
					"DEBUG=1",
					"$(inherited)",
				);
				GCC_WARN_64_TO_32_BIT_CONVERSION = YES;
				GCC_WARN_ABOUT_RETURN_TYPE = YES_ERROR;
				GCC_WARN_UNDECLARED_SELECTOR = YES;
				GCC_WARN_UNINITIALIZED_AUTOS = YES_AGGRESSIVE;
				GCC_WARN_UNUSED_FUNCTION = YES;
				GCC_WARN_UNUSED_VARIABLE = YES;
				IPHONEOS_DEPLOYMENT_TARGET = 15.4;
				MTL_ENABLE_DEBUG_INFO = INCLUDE_SOURCE;
				MTL_FAST_MATH = YES;
				ONLY_ACTIVE_ARCH = YES;
				SDKROOT = iphoneos;
				SWIFT_ACTIVE_COMPILATION_CONDITIONS = DEBUG;
				SWIFT_OPTIMIZATION_LEVEL = "-Onone";
			};
			name = Debug;
		};
		21F1AD712815668A007A5F04 /* Release */ = {
			isa = XCBuildConfiguration;
			buildSettings = {
				ALWAYS_SEARCH_USER_PATHS = NO;
				CLANG_ANALYZER_NONNULL = YES;
				CLANG_ANALYZER_NUMBER_OBJECT_CONVERSION = YES_AGGRESSIVE;
				CLANG_CXX_LANGUAGE_STANDARD = "gnu++17";
				CLANG_ENABLE_MODULES = YES;
				CLANG_ENABLE_OBJC_ARC = YES;
				CLANG_ENABLE_OBJC_WEAK = YES;
				CLANG_WARN_BLOCK_CAPTURE_AUTORELEASING = YES;
				CLANG_WARN_BOOL_CONVERSION = YES;
				CLANG_WARN_COMMA = YES;
				CLANG_WARN_CONSTANT_CONVERSION = YES;
				CLANG_WARN_DEPRECATED_OBJC_IMPLEMENTATIONS = YES;
				CLANG_WARN_DIRECT_OBJC_ISA_USAGE = YES_ERROR;
				CLANG_WARN_DOCUMENTATION_COMMENTS = YES;
				CLANG_WARN_EMPTY_BODY = YES;
				CLANG_WARN_ENUM_CONVERSION = YES;
				CLANG_WARN_INFINITE_RECURSION = YES;
				CLANG_WARN_INT_CONVERSION = YES;
				CLANG_WARN_NON_LITERAL_NULL_CONVERSION = YES;
				CLANG_WARN_OBJC_IMPLICIT_RETAIN_SELF = YES;
				CLANG_WARN_OBJC_LITERAL_CONVERSION = YES;
				CLANG_WARN_OBJC_ROOT_CLASS = YES_ERROR;
				CLANG_WARN_QUOTED_INCLUDE_IN_FRAMEWORK_HEADER = YES;
				CLANG_WARN_RANGE_LOOP_ANALYSIS = YES;
				CLANG_WARN_STRICT_PROTOTYPES = YES;
				CLANG_WARN_SUSPICIOUS_MOVE = YES;
				CLANG_WARN_UNGUARDED_AVAILABILITY = YES_AGGRESSIVE;
				CLANG_WARN_UNREACHABLE_CODE = YES;
				CLANG_WARN__DUPLICATE_METHOD_MATCH = YES;
				COPY_PHASE_STRIP = NO;
				DEBUG_INFORMATION_FORMAT = "dwarf-with-dsym";
				ENABLE_NS_ASSERTIONS = NO;
				ENABLE_STRICT_OBJC_MSGSEND = YES;
				GCC_C_LANGUAGE_STANDARD = gnu11;
				GCC_NO_COMMON_BLOCKS = YES;
				GCC_WARN_64_TO_32_BIT_CONVERSION = YES;
				GCC_WARN_ABOUT_RETURN_TYPE = YES_ERROR;
				GCC_WARN_UNDECLARED_SELECTOR = YES;
				GCC_WARN_UNINITIALIZED_AUTOS = YES_AGGRESSIVE;
				GCC_WARN_UNUSED_FUNCTION = YES;
				GCC_WARN_UNUSED_VARIABLE = YES;
				IPHONEOS_DEPLOYMENT_TARGET = 15.4;
				MTL_ENABLE_DEBUG_INFO = NO;
				MTL_FAST_MATH = YES;
				SDKROOT = iphoneos;
				SWIFT_COMPILATION_MODE = wholemodule;
				SWIFT_OPTIMIZATION_LEVEL = "-O";
				VALIDATE_PRODUCT = YES;
			};
			name = Release;
		};
		21F1AD732815668A007A5F04 /* Debug */ = {
			isa = XCBuildConfiguration;
			buildSettings = {
				ASSETCATALOG_COMPILER_APPICON_NAME = AppIcon;
				ASSETCATALOG_COMPILER_GLOBAL_ACCENT_COLOR_NAME = AccentColor;
				CODE_SIGN_STYLE = Automatic;
				CURRENT_PROJECT_VERSION = 1;
				DEVELOPMENT_TEAM = TJ5B4TF24Y;
				GENERATE_INFOPLIST_FILE = YES;
				INFOPLIST_FILE = Netflix/Info.plist;
				INFOPLIST_KEY_UIApplicationSupportsIndirectInputEvents = YES;
				INFOPLIST_KEY_UILaunchStoryboardName = LaunchScreen;
				INFOPLIST_KEY_UISupportedInterfaceOrientations_iPad = "UIInterfaceOrientationPortrait UIInterfaceOrientationPortraitUpsideDown UIInterfaceOrientationLandscapeLeft UIInterfaceOrientationLandscapeRight";
				INFOPLIST_KEY_UISupportedInterfaceOrientations_iPhone = "UIInterfaceOrientationPortrait UIInterfaceOrientationLandscapeLeft UIInterfaceOrientationLandscapeRight";
				LD_RUNPATH_SEARCH_PATHS = (
					"$(inherited)",
					"@executable_path/Frameworks",
				);
				MARKETING_VERSION = 1.0;
				PRODUCT_BUNDLE_IDENTIFIER = andy.Netflix;
				PRODUCT_NAME = "$(TARGET_NAME)";
				SWIFT_EMIT_LOC_STRINGS = YES;
				SWIFT_VERSION = 5.0;
				TARGETED_DEVICE_FAMILY = "1,2";
			};
			name = Debug;
		};
		21F1AD742815668A007A5F04 /* Release */ = {
			isa = XCBuildConfiguration;
			buildSettings = {
				ASSETCATALOG_COMPILER_APPICON_NAME = AppIcon;
				ASSETCATALOG_COMPILER_GLOBAL_ACCENT_COLOR_NAME = AccentColor;
				CODE_SIGN_STYLE = Automatic;
				CURRENT_PROJECT_VERSION = 1;
				DEVELOPMENT_TEAM = TJ5B4TF24Y;
				GENERATE_INFOPLIST_FILE = YES;
				INFOPLIST_FILE = Netflix/Info.plist;
				INFOPLIST_KEY_UIApplicationSupportsIndirectInputEvents = YES;
				INFOPLIST_KEY_UILaunchStoryboardName = LaunchScreen;
				INFOPLIST_KEY_UISupportedInterfaceOrientations_iPad = "UIInterfaceOrientationPortrait UIInterfaceOrientationPortraitUpsideDown UIInterfaceOrientationLandscapeLeft UIInterfaceOrientationLandscapeRight";
				INFOPLIST_KEY_UISupportedInterfaceOrientations_iPhone = "UIInterfaceOrientationPortrait UIInterfaceOrientationLandscapeLeft UIInterfaceOrientationLandscapeRight";
				LD_RUNPATH_SEARCH_PATHS = (
					"$(inherited)",
					"@executable_path/Frameworks",
				);
				MARKETING_VERSION = 1.0;
				PRODUCT_BUNDLE_IDENTIFIER = andy.Netflix;
				PRODUCT_NAME = "$(TARGET_NAME)";
				SWIFT_EMIT_LOC_STRINGS = YES;
				SWIFT_VERSION = 5.0;
				TARGETED_DEVICE_FAMILY = "1,2";
			};
			name = Release;
		};
/* End XCBuildConfiguration section */

/* Begin XCConfigurationList section */
		21F1AD5928156687007A5F04 /* Build configuration list for PBXProject "Netflix" */ = {
			isa = XCConfigurationList;
			buildConfigurations = (
				21F1AD702815668A007A5F04 /* Debug */,
				21F1AD712815668A007A5F04 /* Release */,
			);
			defaultConfigurationIsVisible = 0;
			defaultConfigurationName = Release;
		};
		21F1AD722815668A007A5F04 /* Build configuration list for PBXNativeTarget "Netflix" */ = {
			isa = XCConfigurationList;
			buildConfigurations = (
				21F1AD732815668A007A5F04 /* Debug */,
				21F1AD742815668A007A5F04 /* Release */,
			);
			defaultConfigurationIsVisible = 0;
			defaultConfigurationName = Release;
		};
/* End XCConfigurationList section */

/* Begin XCRemoteSwiftPackageReference section */
		21B2BA14281992CE002A3FF9 /* XCRemoteSwiftPackageReference "SDWebImage" */ = {
			isa = XCRemoteSwiftPackageReference;
			repositoryURL = "https://github.com/SDWebImage/SDWebImage.git";
			requirement = {
				kind = upToNextMajorVersion;
				minimumVersion = 5.0.0;
			};
		};
/* End XCRemoteSwiftPackageReference section */

/* Begin XCSwiftPackageProductDependency section */
		21B2BA15281992CE002A3FF9 /* SDWebImage */ = {
			isa = XCSwiftPackageProductDependency;
			package = 21B2BA14281992CE002A3FF9 /* XCRemoteSwiftPackageReference "SDWebImage" */;
			productName = SDWebImage;
		};
		21B2BA17281992CE002A3FF9 /* SDWebImageMapKit */ = {
			isa = XCSwiftPackageProductDependency;
			package = 21B2BA14281992CE002A3FF9 /* XCRemoteSwiftPackageReference "SDWebImage" */;
			productName = SDWebImageMapKit;
		};
/* End XCSwiftPackageProductDependency section */
	};
	rootObject = 21F1AD5628156687007A5F04 /* Project object */;
}
